
Microsoft Visual Studio Solution File, Format Version 12.00
# Visual Studio 2012
Project("{FAE04EC0-301F-11D3-BF4B-00C04F79EFBC}") = "EmailLumisoft", "EmailLumisoft.csproj", "{7F75DD1B-B57D-4023-85D6-970930EFFCCC}"
EndProject
Global
	GlobalSection(SolutionConfigurationPlatforms) = preSolution
		Debug|Any CPU = Debug|Any CPU
		Release|Any CPU = Release|Any CPU
	EndGlobalSection
	GlobalSection(ProjectConfigurationPlatforms) = postSolution
		{7F75DD1B-B57D-4023-85D6-970930EFFCCC}.Debug|Any CPU.ActiveCfg = Debug|Any CPU
		{7F75DD1B-B57D-4023-85D6-970930EFFCCC}.Debug|Any CPU.Build.0 = Debug|Any CPU
		{7F75DD1B-B57D-4023-85D6-970930EFFCCC}.Release|Any CPU.ActiveCfg = Release|Any CPU
		{7F75DD1B-B57D-4023-85D6-970930EFFCCC}.Release|Any CPU.Build.0 = Release|Any CPU
	EndGlobalSection
	GlobalSection(SolutionProperties) = preSolution
		HideSolutionNode = FALSE
	EndGlobalSection
EndGlobal
